
Microsoft Visual Studio Solution File, Format Version 12.00
# Visual Studio Version 17
VisualStudioVersion = 17.9.34622.214
MinimumVisualStudioVersion = 10.0.40219.1
Project("{FAE04EC0-301F-11D3-BF4B-00C04F79EFBC}") = "ExamBlazorApp1", "ExamBlazorApp1\ExamBlazorApp1\ExamBlazorApp1.csproj", "{94C2DC80-A42C-46C2-BA61-D3616B8ACAA3}"
EndProject
Project("{FAE04EC0-301F-11D3-BF4B-00C04F79EFBC}") = "ExamBlazorApp1.Client", "ExamBlazorApp1\ExamBlazorApp1.Client\ExamBlazorApp1.Client.csproj", "{66F7337F-8573-48EA-A9B0-319C3D337FB3}"
EndProject
Project("{FAE04EC0-301F-11D3-BF4B-00C04F79EFBC}") = "ExamBlazorApp1.Models", "ExamBlazorApp1.Models\ExamBlazorApp1.Models.csproj", "{2F42F9BD-B1A6-4632-8E1A-93C1C9408B8B}"
EndProject
Global
	GlobalSection(SolutionConfigurationPlatforms) = preSolution
		Debug|Any CPU = Debug|Any CPU
		Release|Any CPU = Release|Any CPU
	EndGlobalSection
	GlobalSection(ProjectConfigurationPlatforms) = postSolution
		{94C2DC80-A42C-46C2-BA61-D3616B8ACAA3}.Debug|Any CPU.ActiveCfg = Debug|Any CPU
		{94C2DC80-A42C-46C2-BA61-D3616B8ACAA3}.Debug|Any CPU.Build.0 = Debug|Any CPU
		{94C2DC80-A42C-46C2-BA61-D3616B8ACAA3}.Release|Any CPU.ActiveCfg = Release|Any CPU
		{94C2DC80-A42C-46C2-BA61-D3616B8ACAA3}.Release|Any CPU.Build.0 = Release|Any CPU
		{66F7337F-8573-48EA-A9B0-319C3D337FB3}.Debug|Any CPU.ActiveCfg = Debug|Any CPU
		{66F7337F-8573-48EA-A9B0-319C3D337FB3}.Debug|Any CPU.Build.0 = Debug|Any CPU
		{66F7337F-8573-48EA-A9B0-319C3D337FB3}.Release|Any CPU.ActiveCfg = Release|Any CPU
		{66F7337F-8573-48EA-A9B0-319C3D337FB3}.Release|Any CPU.Build.0 = Release|Any CPU
		{2F42F9BD-B1A6-4632-8E1A-93C1C9408B8B}.Debug|Any CPU.ActiveCfg = Debug|Any CPU
		{2F42F9BD-B1A6-4632-8E1A-93C1C9408B8B}.Debug|Any CPU.Build.0 = Debug|Any CPU
		{2F42F9BD-B1A6-4632-8E1A-93C1C9408B8B}.Release|Any CPU.ActiveCfg = Release|Any CPU
		{2F42F9BD-B1A6-4632-8E1A-93C1C9408B8B}.Release|Any CPU.Build.0 = Release|Any CPU
	EndGlobalSection
	GlobalSection(SolutionProperties) = preSolution
		HideSolutionNode = FALSE
	EndGlobalSection
	GlobalSection(ExtensibilityGlobals) = postSolution
		SolutionGuid = {7CC24A28-8F70-4B65-B57D-86DF8B36884C}
	EndGlobalSection
EndGlobal
